
Microsoft Visual Studio Solution File, Format Version 12.00
# Visual Studio Version 16
VisualStudioVersion = 16.0.33027.164
MinimumVisualStudioVersion = 10.0.40219.1
Project("{FAE04EC0-301F-11D3-BF4B-00C04F79EFBC}") = "EasySafeVersion2.0", "EasySafeVersion2.0.csproj", "{08172C44-3BE2-4626-8702-09806986F805}"
EndProject
Global
	GlobalSection(SolutionConfigurationPlatforms) = preSolution
		Debug|Any CPU = Debug|Any CPU
		Release|Any CPU = Release|Any CPU
	EndGlobalSection
	GlobalSection(ProjectConfigurationPlatforms) = postSolution
		{08172C44-3BE2-4626-8702-09806986F805}.Debug|Any CPU.ActiveCfg = Debug|Any CPU
		{08172C44-3BE2-4626-8702-09806986F805}.Debug|Any CPU.Build.0 = Debug|Any CPU
		{08172C44-3BE2-4626-8702-09806986F805}.Release|Any CPU.ActiveCfg = Release|Any CPU
		{08172C44-3BE2-4626-8702-09806986F805}.Release|Any CPU.Build.0 = Release|Any CPU
	EndGlobalSection
	GlobalSection(SolutionProperties) = preSolution
		HideSolutionNode = FALSE
	EndGlobalSection
	GlobalSection(ExtensibilityGlobals) = postSolution
		SolutionGuid = {40A8B03D-C511-4479-AAB1-50263715943D}
	EndGlobalSection
EndGlobal
